
Microsoft Visual Studio Solution File, Format Version 12.00
# Visual Studio Version 16
VisualStudioVersion = 16.0.810.19
MinimumVisualStudioVersion = 10.0.40219.1
Project("{FAE04EC0-301F-11D3-BF4B-00C04F79EFBC}") = "WeatherChecker", "WeatherChecker\WeatherChecker.csproj", "{9CD98463-FB4B-499A-9C5A-8BD55E60E1DB}"
EndProject
Global
	GlobalSection(SolutionConfigurationPlatforms) = preSolution
		Debug|Any CPU = Debug|Any CPU
		Release|Any CPU = Release|Any CPU
	EndGlobalSection
	GlobalSection(ProjectConfigurationPlatforms) = postSolution
		{9CD98463-FB4B-499A-9C5A-8BD55E60E1DB}.Debug|Any CPU.ActiveCfg = Debug|Any CPU
		{9CD98463-FB4B-499A-9C5A-8BD55E60E1DB}.Debug|Any CPU.Build.0 = Debug|Any CPU
		{9CD98463-FB4B-499A-9C5A-8BD55E60E1DB}.Release|Any CPU.ActiveCfg = Release|Any CPU
		{9CD98463-FB4B-499A-9C5A-8BD55E60E1DB}.Release|Any CPU.Build.0 = Release|Any CPU
	EndGlobalSection
	GlobalSection(SolutionProperties) = preSolution
		HideSolutionNode = FALSE
	EndGlobalSection
	GlobalSection(ExtensibilityGlobals) = postSolution
		SolutionGuid = {8EDD56C9-DDC3-427E-91F9-4D1F1A3262CA}
	EndGlobalSection
EndGlobal
